// !$*UTF8*$!
{
	archiveVersion = 1;
	classes = {
	};
	objectVersion = 55;
	objects = {

/* Begin PBXBuildFile section */
		324586C327EE0E2100DF334B /* LoginViewController.swift in Sources */ = {isa = PBXBuildFile; fileRef = 324586C227EE0E2100DF334B /* LoginViewController.swift */; };
		324586C527EE0E3100DF334B /* FeedViewController.swift in Sources */ = {isa = PBXBuildFile; fileRef = 324586C427EE0E3100DF334B /* FeedViewController.swift */; };
		324586C727EE18D300DF334B /* CameraViewController.swift in Sources */ = {isa = PBXBuildFile; fileRef = 324586C627EE18D300DF334B /* CameraViewController.swift */; };
		324586CB27EE2A2400DF334B /* PostCell.swift in Sources */ = {isa = PBXBuildFile; fileRef = 324586CA27EE2A2400DF334B /* PostCell.swift */; };
		32DA5F0127EBC6550099C5BE /* AppDelegate.swift in Sources */ = {isa = PBXBuildFile; fileRef = 32DA5F0027EBC6550099C5BE /* AppDelegate.swift */; };
		32DA5F0327EBC6550099C5BE /* SceneDelegate.swift in Sources */ = {isa = PBXBuildFile; fileRef = 32DA5F0227EBC6550099C5BE /* SceneDelegate.swift */; };
		32DA5F0827EBC6550099C5BE /* Main.storyboard in Resources */ = {isa = PBXBuildFile; fileRef = 32DA5F0627EBC6550099C5BE /* Main.storyboard */; };
		32DA5F0A27EBC6580099C5BE /* Assets.xcassets in Resources */ = {isa = PBXBuildFile; fileRef = 32DA5F0927EBC6580099C5BE /* Assets.xcassets */; };
		32DA5F0D27EBC6580099C5BE /* LaunchScreen.storyboard in Resources */ = {isa = PBXBuildFile; fileRef = 32DA5F0B27EBC6580099C5BE /* LaunchScreen.storyboard */; };
		32DA5F1827EBC6580099C5BE /* InstagramTests.swift in Sources */ = {isa = PBXBuildFile; fileRef = 32DA5F1727EBC6580099C5BE /* InstagramTests.swift */; };
		32DA5F2227EBC6580099C5BE /* InstagramUITests.swift in Sources */ = {isa = PBXBuildFile; fileRef = 32DA5F2127EBC6580099C5BE /* InstagramUITests.swift */; };
		32DA5F2427EBC6580099C5BE /* InstagramUITestsLaunchTests.swift in Sources */ = {isa = PBXBuildFile; fileRef = 32DA5F2327EBC6580099C5BE /* InstagramUITestsLaunchTests.swift */; };
		9E42FB9576578362AD8B12DA /* Pods_Instagram.framework in Frameworks */ = {isa = PBXBuildFile; fileRef = 488B3125265BB426639686B0 /* Pods_Instagram.framework */; };
/* End PBXBuildFile section */

/* Begin PBXContainerItemProxy section */
		32DA5F1427EBC6580099C5BE /* PBXContainerItemProxy */ = {
			isa = PBXContainerItemProxy;
			containerPortal = 32DA5EF527EBC6550099C5BE /* Project object */;
			proxyType = 1;
			remoteGlobalIDString = 32DA5EFC27EBC6550099C5BE;
			remoteInfo = Instagram;
		};
		32DA5F1E27EBC6580099C5BE /* PBXContainerItemProxy */ = {
			isa = PBXContainerItemProxy;
			containerPortal = 32DA5EF527EBC6550099C5BE /* Project object */;
			proxyType = 1;
			remoteGlobalIDString = 32DA5EFC27EBC6550099C5BE;
			remoteInfo = Instagram;
		};
/* End PBXContainerItemProxy section */

/* Begin PBXFileReference section */
		0E0A6D8BB2AA334A7117CBA3 /* Pods-Instagram.release.xcconfig */ = {isa = PBXFileReference; includeInIndex = 1; lastKnownFileType = text.xcconfig; name = "Pods-Instagram.release.xcconfig"; path = "Target Support Files/Pods-Instagram/Pods-Instagram.release.xcconfig"; sourceTree = "<group>"; };
		324586C227EE0E2100DF334B /* LoginViewController.swift */ = {isa = PBXFileReference; lastKnownFileType = sourcecode.swift; path = LoginViewController.swift; sourceTree = "<group>"; };
		324586C427EE0E3100DF334B /* FeedViewController.swift */ = {isa = PBXFileReference; lastKnownFileType = sourcecode.swift; path = FeedViewController.swift; sourceTree = "<group>"; };
		324586C627EE18D300DF334B /* CameraViewController.swift */ = {isa = PBXFileReference; lastKnownFileType = sourcecode.swift; path = CameraViewController.swift; sourceTree = "<group>"; };
		324586CA27EE2A2400DF334B /* PostCell.swift */ = {isa = PBXFileReference; lastKnownFileType = sourcecode.swift; path = PostCell.swift; sourceTree = "<group>"; };
		32DA5EFD27EBC6550099C5BE /* Instagram.app */ = {isa = PBXFileReference; explicitFileType = wrapper.application; includeInIndex = 0; path = Instagram.app; sourceTree = BUILT_PRODUCTS_DIR; };
		32DA5F0027EBC6550099C5BE /* AppDelegate.swift */ = {isa = PBXFileReference; lastKnownFileType = sourcecode.swift; path = AppDelegate.swift; sourceTree = "<group>"; };
		32DA5F0227EBC6550099C5BE /* SceneDelegate.swift */ = {isa = PBXFileReference; lastKnownFileType = sourcecode.swift; path = SceneDelegate.swift; sourceTree = "<group>"; };
		32DA5F0727EBC6550099C5BE /* Base */ = {isa = PBXFileReference; lastKnownFileType = file.storyboard; name = Base; path = Base.lproj/Main.storyboard; sourceTree = "<group>"; };
		32DA5F0927EBC6580099C5BE /* Assets.xcassets */ = {isa = PBXFileReference; lastKnownFileType = folder.assetcatalog; path = Assets.xcassets; sourceTree = "<group>"; };
		32DA5F0C27EBC6580099C5BE /* Base */ = {isa = PBXFileReference; lastKnownFileType = file.storyboard; name = Base; path = Base.lproj/LaunchScreen.storyboard; sourceTree = "<group>"; };
		32DA5F0E27EBC6580099C5BE /* Info.plist */ = {isa = PBXFileReference; lastKnownFileType = text.plist.xml; path = Info.plist; sourceTree = "<group>"; };
		32DA5F1327EBC6580099C5BE /* InstagramTests.xctest */ = {isa = PBXFileReference; explicitFileType = wrapper.cfbundle; includeInIndex = 0; path = InstagramTests.xctest; sourceTree = BUILT_PRODUCTS_DIR; };
		32DA5F1727EBC6580099C5BE /* InstagramTests.swift */ = {isa = PBXFileReference; lastKnownFileType = sourcecode.swift; path = InstagramTests.swift; sourceTree = "<group>"; };
		32DA5F1D27EBC6580099C5BE /* InstagramUITests.xctest */ = {isa = PBXFileReference; explicitFileType = wrapper.cfbundle; includeInIndex = 0; path = InstagramUITests.xctest; sourceTree = BUILT_PRODUCTS_DIR; };
		32DA5F2127EBC6580099C5BE /* InstagramUITests.swift */ = {isa = PBXFileReference; lastKnownFileType = sourcecode.swift; path = InstagramUITests.swift; sourceTree = "<group>"; };
		32DA5F2327EBC6580099C5BE /* InstagramUITestsLaunchTests.swift */ = {isa = PBXFileReference; lastKnownFileType = sourcecode.swift; path = InstagramUITestsLaunchTests.swift; sourceTree = "<group>"; };
		488B3125265BB426639686B0 /* Pods_Instagram.framework */ = {isa = PBXFileReference; explicitFileType = wrapper.framework; includeInIndex = 0; path = Pods_Instagram.framework; sourceTree = BUILT_PRODUCTS_DIR; };
		D02024D1F9B0D970B2FAE1DE /* Pods-Instagram.debug.xcconfig */ = {isa = PBXFileReference; includeInIndex = 1; lastKnownFileType = text.xcconfig; name = "Pods-Instagram.debug.xcconfig"; path = "Target Support Files/Pods-Instagram/Pods-Instagram.debug.xcconfig"; sourceTree = "<group>"; };
/* End PBXFileReference section */

/* Begin PBXFrameworksBuildPhase section */
		32DA5EFA27EBC6550099C5BE /* Frameworks */ = {
			isa = PBXFrameworksBuildPhase;
			buildActionMask = 2147483647;
			files = (
				9E42FB9576578362AD8B12DA /* Pods_Instagram.framework in Frameworks */,
			);
			runOnlyForDeploymentPostprocessing = 0;
		};
		32DA5F1027EBC6580099C5BE /* Frameworks */ = {
			isa = PBXFrameworksBuildPhase;
			buildActionMask = 2147483647;
			files = (
			);
			runOnlyForDeploymentPostprocessing = 0;
		};
		32DA5F1A27EBC6580099C5BE /* Frameworks */ = {
			isa = PBXFrameworksBuildPhase;
			buildActionMask = 2147483647;
			files = (
			);
			runOnlyForDeploymentPostprocessing = 0;
		};
/* End PBXFrameworksBuildPhase section */

/* Begin PBXGroup section */
		32DA5EF427EBC6550099C5BE = {
			isa = PBXGroup;
			children = (
				32DA5EFF27EBC6550099C5BE /* Instagram */,
				32DA5F1627EBC6580099C5BE /* InstagramTests */,
				32DA5F2027EBC6580099C5BE /* InstagramUITests */,
				32DA5EFE27EBC6550099C5BE /* Products */,
				5C7DE5573110A1F74813210E /* Pods */,
				B5800D309144A36BB5316F81 /* Frameworks */,
			);
			sourceTree = "<group>";
		};
		32DA5EFE27EBC6550099C5BE /* Products */ = {
			isa = PBXGroup;
			children = (
				32DA5EFD27EBC6550099C5BE /* Instagram.app */,
				32DA5F1327EBC6580099C5BE /* InstagramTests.xctest */,
				32DA5F1D27EBC6580099C5BE /* InstagramUITests.xctest */,
			);
			name = Products;
			sourceTree = "<group>";
		};
		32DA5EFF27EBC6550099C5BE /* Instagram */ = {
			isa = PBXGroup;
			children = (
				32DA5F0027EBC6550099C5BE /* AppDelegate.swift */,
				32DA5F0227EBC6550099C5BE /* SceneDelegate.swift */,
				32DA5F0627EBC6550099C5BE /* Main.storyboard */,
				32DA5F0927EBC6580099C5BE /* Assets.xcassets */,
				32DA5F0B27EBC6580099C5BE /* LaunchScreen.storyboard */,
				32DA5F0E27EBC6580099C5BE /* Info.plist */,
				324586C227EE0E2100DF334B /* LoginViewController.swift */,
				324586C427EE0E3100DF334B /* FeedViewController.swift */,
				324586C627EE18D300DF334B /* CameraViewController.swift */,
				324586CA27EE2A2400DF334B /* PostCell.swift */,
			);
			path = Instagram;
			sourceTree = "<group>";
		};
		32DA5F1627EBC6580099C5BE /* InstagramTests */ = {
			isa = PBXGroup;
			children = (
				32DA5F1727EBC6580099C5BE /* InstagramTests.swift */,
			);
			path = InstagramTests;
			sourceTree = "<group>";
		};
		32DA5F2027EBC6580099C5BE /* InstagramUITests */ = {
			isa = PBXGroup;
			children = (
				32DA5F2127EBC6580099C5BE /* InstagramUITests.swift */,
				32DA5F2327EBC6580099C5BE /* InstagramUITestsLaunchTests.swift */,
			);
			path = InstagramUITests;
			sourceTree = "<group>";
		};
		5C7DE5573110A1F74813210E /* Pods */ = {
			isa = PBXGroup;
			children = (
				D02024D1F9B0D970B2FAE1DE /* Pods-Instagram.debug.xcconfig */,
				0E0A6D8BB2AA334A7117CBA3 /* Pods-Instagram.release.xcconfig */,
			);
			path = Pods;
			sourceTree = "<group>";
		};
		B5800D309144A36BB5316F81 /* Frameworks */ = {
			isa = PBXGroup;
			children = (
				488B3125265BB426639686B0 /* Pods_Instagram.framework */,
			);
			name = Frameworks;
			sourceTree = "<group>";
		};
/* End PBXGroup section */

/* Begin PBXNativeTarget section */
		32DA5EFC27EBC6550099C5BE /* Instagram */ = {
			isa = PBXNativeTarget;
			buildConfigurationList = 32DA5F2727EBC6580099C5BE /* Build configuration list for PBXNativeTarget "Instagram" */;
			buildPhases = (
				A08A80A649011BBF621933DD /* [CP] Check Pods Manifest.lock */,
				32DA5EF927EBC6550099C5BE /* Sources */,
				32DA5EFA27EBC6550099C5BE /* Frameworks */,
				32DA5EFB27EBC6550099C5BE /* Resources */,
				317C4E8CF62BEF3EBBB73F5D /* [CP] Embed Pods Frameworks */,
			);
			buildRules = (
			);
			dependencies = (
			);
			name = Instagram;
			productName = Instagram;
			productReference = 32DA5EFD27EBC6550099C5BE /* Instagram.app */;
			productType = "com.apple.product-type.application";
		};
		32DA5F1227EBC6580099C5BE /* InstagramTests */ = {
			isa = PBXNativeTarget;
			buildConfigurationList = 32DA5F2A27EBC6580099C5BE /* Build configuration list for PBXNativeTarget "InstagramTests" */;
			buildPhases = (
				32DA5F0F27EBC6580099C5BE /* Sources */,
				32DA5F1027EBC6580099C5BE /* Frameworks */,
				32DA5F1127EBC6580099C5BE /* Resources */,
			);
			buildRules = (
			);
			dependencies = (
				32DA5F1527EBC6580099C5BE /* PBXTargetDependency */,
			);
			name = InstagramTests;
			productName = InstagramTests;
			productReference = 32DA5F1327EBC6580099C5BE /* InstagramTests.xctest */;
			productType = "com.apple.product-type.bundle.unit-test";
		};
		32DA5F1C27EBC6580099C5BE /* InstagramUITests */ = {
			isa = PBXNativeTarget;
			buildConfigurationList = 32DA5F2D27EBC6580099C5BE /* Build configuration list for PBXNativeTarget "InstagramUITests" */;
			buildPhases = (
				32DA5F1927EBC6580099C5BE /* Sources */,
				32DA5F1A27EBC6580099C5BE /* Frameworks */,
				32DA5F1B27EBC6580099C5BE /* Resources */,
			);
			buildRules = (
			);
			dependencies = (
				32DA5F1F27EBC6580099C5BE /* PBXTargetDependency */,
			);
			name = InstagramUITests;
			productName = InstagramUITests;
			productReference = 32DA5F1D27EBC6580099C5BE /* InstagramUITests.xctest */;
			productType = "com.apple.product-type.bundle.ui-testing";
		};
/* End PBXNativeTarget section */

/* Begin PBXProject section */
		32DA5EF527EBC6550099C5BE /* Project object */ = {
			isa = PBXProject;
			attributes = {
				BuildIndependentTargetsInParallel = 1;
				LastSwiftUpdateCheck = 1330;
				LastUpgradeCheck = 1330;
				TargetAttributes = {
					32DA5EFC27EBC6550099C5BE = {
						CreatedOnToolsVersion = 13.3;
					};
					32DA5F1227EBC6580099C5BE = {
						CreatedOnToolsVersion = 13.3;
						TestTargetID = 32DA5EFC27EBC6550099C5BE;
					};
					32DA5F1C27EBC6580099C5BE = {
						CreatedOnToolsVersion = 13.3;
						TestTargetID = 32DA5EFC27EBC6550099C5BE;
					};
				};
			};
			buildConfigurationList = 32DA5EF827EBC6550099C5BE /* Build configuration list for PBXProject "Instagram" */;
			compatibilityVersion = "Xcode 13.0";
			developmentRegion = en;
			hasScannedForEncodings = 0;
			knownRegions = (
				en,
				Base,
			);
			mainGroup = 32DA5EF427EBC6550099C5BE;
			productRefGroup = 32DA5EFE27EBC6550099C5BE /* Products */;
			projectDirPath = "";
			projectRoot = "";
			targets = (
				32DA5EFC27EBC6550099C5BE /* Instagram */,
				32DA5F1227EBC6580099C5BE /* InstagramTests */,
				32DA5F1C27EBC6580099C5BE /* InstagramUITests */,
			);
		};
/* End PBXProject section */

/* Begin PBXResourcesBuildPhase section */
		32DA5EFB27EBC6550099C5BE /* Resources */ = {
			isa = PBXResourcesBuildPhase;
			buildActionMask = 2147483647;
			files = (
				32DA5F0D27EBC6580099C5BE /* LaunchScreen.storyboard in Resources */,
				32DA5F0A27EBC6580099C5BE /* Assets.xcassets in Resources */,
				32DA5F0827EBC6550099C5BE /* Main.storyboard in Resources */,
			);
			runOnlyForDeploymentPostprocessing = 0;
		};
		32DA5F1127EBC6580099C5BE /* Resources */ = {
			isa = PBXResourcesBuildPhase;
			buildActionMask = 2147483647;
			files = (
			);
			runOnlyForDeploymentPostprocessing = 0;
		};
		32DA5F1B27EBC6580099C5BE /* Resources */ = {
			isa = PBXResourcesBuildPhase;
			buildActionMask = 2147483647;
			files = (
			);
			runOnlyForDeploymentPostprocessing = 0;
		};
/* End PBXResourcesBuildPhase section */

/* Begin PBXShellScriptBuildPhase section */
		317C4E8CF62BEF3EBBB73F5D /* [CP] Embed Pods Frameworks */ = {
			isa = PBXShellScriptBuildPhase;
			buildActionMask = 2147483647;
			files = (
			);
			inputFileListPaths = (
				"${PODS_ROOT}/Target Support Files/Pods-Instagram/Pods-Instagram-frameworks-${CONFIGURATION}-input-files.xcfilelist",
			);
			name = "[CP] Embed Pods Frameworks";
			outputFileListPaths = (
				"${PODS_ROOT}/Target Support Files/Pods-Instagram/Pods-Instagram-frameworks-${CONFIGURATION}-output-files.xcfilelist",
			);
			runOnlyForDeploymentPostprocessing = 0;
			shellPath = /bin/sh;
			shellScript = "\"${PODS_ROOT}/Target Support Files/Pods-Instagram/Pods-Instagram-frameworks.sh\"\n";
			showEnvVarsInLog = 0;
		};
		A08A80A649011BBF621933DD /* [CP] Check Pods Manifest.lock */ = {
			isa = PBXShellScriptBuildPhase;
			buildActionMask = 2147483647;
			files = (
			);
			inputFileListPaths = (
			);
			inputPaths = (
				"${PODS_PODFILE_DIR_PATH}/Podfile.lock",
				"${PODS_ROOT}/Manifest.lock",
			);
			name = "[CP] Check Pods Manifest.lock";
			outputFileListPaths = (
			);
			outputPaths = (
				"$(DERIVED_FILE_DIR)/Pods-Instagram-checkManifestLockResult.txt",
			);
			runOnlyForDeploymentPostprocessing = 0;
			shellPath = /bin/sh;
			shellScript = "diff \"${PODS_PODFILE_DIR_PATH}/Podfile.lock\" \"${PODS_ROOT}/Manifest.lock\" > /dev/null\nif [ $? != 0 ] ; then\n    # print error to STDERR\n    echo \"error: The sandbox is not in sync with the Podfile.lock. Run 'pod install' or update your CocoaPods installation.\" >&2\n    exit 1\nfi\n# This output is used by Xcode 'outputs' to avoid re-running this script phase.\necho \"SUCCESS\" > \"${SCRIPT_OUTPUT_FILE_0}\"\n";
			showEnvVarsInLog = 0;
		};
/* End PBXShellScriptBuildPhase section */

/* Begin PBXSourcesBuildPhase section */
		32DA5EF927EBC6550099C5BE /* Sources */ = {
			isa = PBXSourcesBuildPhase;
			buildActionMask = 2147483647;
			files = (
				324586C327EE0E2100DF334B /* LoginViewController.swift in Sources */,
				324586C727EE18D300DF334B /* CameraViewController.swift in Sources */,
				32DA5F0127EBC6550099C5BE /* AppDelegate.swift in Sources */,
				324586C527EE0E3100DF334B /* FeedViewController.swift in Sources */,
				32DA5F0327EBC6550099C5BE /* SceneDelegate.swift in Sources */,
				324586CB27EE2A2400DF334B /* PostCell.swift in Sources */,
			);
			runOnlyForDeploymentPostprocessing = 0;
		};
		32DA5F0F27EBC6580099C5BE /* Sources */ = {
			isa = PBXSourcesBuildPhase;
			buildActionMask = 2147483647;
			files = (
				32DA5F1827EBC6580099C5BE /* InstagramTests.swift in Sources */,
			);
			runOnlyForDeploymentPostprocessing = 0;
		};
		32DA5F1927EBC6580099C5BE /* Sources */ = {
			isa = PBXSourcesBuildPhase;
			buildActionMask = 2147483647;
			files = (
				32DA5F2227EBC6580099C5BE /* InstagramUITests.swift in Sources */,
				32DA5F2427EBC6580099C5BE /* InstagramUITestsLaunchTests.swift in Sources */,
			);
			runOnlyForDeploymentPostprocessing = 0;
		};
/* End PBXSourcesBuildPhase section */

/* Begin PBXTargetDependency section */
		32DA5F1527EBC6580099C5BE /* PBXTargetDependency */ = {
			isa = PBXTargetDependency;
			target = 32DA5EFC27EBC6550099C5BE /* Instagram */;
			targetProxy = 32DA5F1427EBC6580099C5BE /* PBXContainerItemProxy */;
		};
		32DA5F1F27EBC6580099C5BE /* PBXTargetDependency */ = {
			isa = PBXTargetDependency;
			target = 32DA5EFC27EBC6550099C5BE /* Instagram */;
			targetProxy = 32DA5F1E27EBC6580099C5BE /* PBXContainerItemProxy */;
		};
/* End PBXTargetDependency section */

/* Begin PBXVariantGroup section */
		32DA5F0627EBC6550099C5BE /* Main.storyboard */ = {
			isa = PBXVariantGroup;
			children = (
				32DA5F0727EBC6550099C5BE /* Base */,
			);
			name = Main.storyboard;
			sourceTree = "<group>";
		};
		32DA5F0B27EBC6580099C5BE /* LaunchScreen.storyboard */ = {
			isa = PBXVariantGroup;
			children = (
				32DA5F0C27EBC6580099C5BE /* Base */,
			);
			name = LaunchScreen.storyboard;
			sourceTree = "<group>";
		};
/* End PBXVariantGroup section */

/* Begin XCBuildConfiguration section */
		32DA5F2527EBC6580099C5BE /* Debug */ = {
			isa = XCBuildConfiguration;
			buildSettings = {
				ALWAYS_SEARCH_USER_PATHS = NO;
				CLANG_ANALYZER_NONNULL = YES;
				CLANG_ANALYZER_NUMBER_OBJECT_CONVERSION = YES_AGGRESSIVE;
				CLANG_CXX_LANGUAGE_STANDARD = "gnu++17";
				CLANG_ENABLE_MODULES = YES;
				CLANG_ENABLE_OBJC_ARC = YES;
				CLANG_ENABLE_OBJC_WEAK = YES;
				CLANG_WARN_BLOCK_CAPTURE_AUTORELEASING = YES;
				CLANG_WARN_BOOL_CONVERSION = YES;
				CLANG_WARN_COMMA = YES;
				CLANG_WARN_CONSTANT_CONVERSION = YES;
				CLANG_WARN_DEPRECATED_OBJC_IMPLEMENTATIONS = YES;
				CLANG_WARN_DIRECT_OBJC_ISA_USAGE = YES_ERROR;
				CLANG_WARN_DOCUMENTATION_COMMENTS = YES;
				CLANG_WARN_EMPTY_BODY = YES;
				CLANG_WARN_ENUM_CONVERSION = YES;
				CLANG_WARN_INFINITE_RECURSION = YES;
				CLANG_WARN_INT_CONVERSION = YES;
				CLANG_WARN_NON_LITERAL_NULL_CONVERSION = YES;
				CLANG_WARN_OBJC_IMPLICIT_RETAIN_SELF = YES;
				CLANG_WARN_OBJC_LITERAL_CONVERSION = YES;
				CLANG_WARN_OBJC_ROOT_CLASS = YES_ERROR;
				CLANG_WARN_QUOTED_INCLUDE_IN_FRAMEWORK_HEADER = YES;
				CLANG_WARN_RANGE_LOOP_ANALYSIS = YES;
				CLANG_WARN_STRICT_PROTOTYPES = YES;
				CLANG_WARN_SUSPICIOUS_MOVE = YES;
				CLANG_WARN_UNGUARDED_AVAILABILITY = YES_AGGRESSIVE;
				CLANG_WARN_UNREACHABLE_CODE = YES;
				CLANG_WARN__DUPLICATE_METHOD_MATCH = YES;
				COPY_PHASE_STRIP = NO;
				DEBUG_INFORMATION_FORMAT = dwarf;
				ENABLE_STRICT_OBJC_MSGSEND = YES;
				ENABLE_TESTABILITY = YES;
				GCC_C_LANGUAGE_STANDARD = gnu11;
				GCC_DYNAMIC_NO_PIC = NO;
				GCC_NO_COMMON_BLOCKS = YES;
				GCC_OPTIMIZATION_LEVEL = 0;
				GCC_PREPROCESSOR_DEFINITIONS = (
					"DEBUG=1",
					"$(inherited)",
				);
				GCC_WARN_64_TO_32_BIT_CONVERSION = YES;
				GCC_WARN_ABOUT_RETURN_TYPE = YES_ERROR;
				GCC_WARN_UNDECLARED_SELECTOR = YES;
				GCC_WARN_UNINITIALIZED_AUTOS = YES_AGGRESSIVE;
				GCC_WARN_UNUSED_FUNCTION = YES;
				GCC_WARN_UNUSED_VARIABLE = YES;
				IPHONEOS_DEPLOYMENT_TARGET = 15.4;
				MTL_ENABLE_DEBUG_INFO = INCLUDE_SOURCE;
				MTL_FAST_MATH = YES;
				ONLY_ACTIVE_ARCH = YES;
				SDKROOT = iphoneos;
				SWIFT_ACTIVE_COMPILATION_CONDITIONS = DEBUG;
				SWIFT_OPTIMIZATION_LEVEL = "-Onone";
			};
			name = Debug;
		};
		32DA5F2627EBC6580099C5BE /* Release */ = {
			isa = XCBuildConfiguration;
			buildSettings = {
				ALWAYS_SEARCH_USER_PATHS = NO;
				CLANG_ANALYZER_NONNULL = YES;
				CLANG_ANALYZER_NUMBER_OBJECT_CONVERSION = YES_AGGRESSIVE;
				CLANG_CXX_LANGUAGE_STANDARD = "gnu++17";
				CLANG_ENABLE_MODULES = YES;
				CLANG_ENABLE_OBJC_ARC = YES;
				CLANG_ENABLE_OBJC_WEAK = YES;
				CLANG_WARN_BLOCK_CAPTURE_AUTORELEASING = YES;
				CLANG_WARN_BOOL_CONVERSION = YES;
				CLANG_WARN_COMMA = YES;
				CLANG_WARN_CONSTANT_CONVERSION = YES;
				CLANG_WARN_DEPRECATED_OBJC_IMPLEMENTATIONS = YES;
				CLANG_WARN_DIRECT_OBJC_ISA_USAGE = YES_ERROR;
				CLANG_WARN_DOCUMENTATION_COMMENTS = YES;
				CLANG_WARN_EMPTY_BODY = YES;
				CLANG_WARN_ENUM_CONVERSION = YES;
				CLANG_WARN_INFINITE_RECURSION = YES;
				CLANG_WARN_INT_CONVERSION = YES;
				CLANG_WARN_NON_LITERAL_NULL_CONVERSION = YES;
				CLANG_WARN_OBJC_IMPLICIT_RETAIN_SELF = YES;
				CLANG_WARN_OBJC_LITERAL_CONVERSION = YES;
				CLANG_WARN_OBJC_ROOT_CLASS = YES_ERROR;
				CLANG_WARN_QUOTED_INCLUDE_IN_FRAMEWORK_HEADER = YES;
				CLANG_WARN_RANGE_LOOP_ANALYSIS = YES;
				CLANG_WARN_STRICT_PROTOTYPES = YES;
				CLANG_WARN_SUSPICIOUS_MOVE = YES;
				CLANG_WARN_UNGUARDED_AVAILABILITY = YES_AGGRESSIVE;
				CLANG_WARN_UNREACHABLE_CODE = YES;
				CLANG_WARN__DUPLICATE_METHOD_MATCH = YES;
				COPY_PHASE_STRIP = NO;
				DEBUG_INFORMATION_FORMAT = "dwarf-with-dsym";
				ENABLE_NS_ASSERTIONS = NO;
				ENABLE_STRICT_OBJC_MSGSEND = YES;
				GCC_C_LANGUAGE_STANDARD = gnu11;
				GCC_NO_COMMON_BLOCKS = YES;
				GCC_WARN_64_TO_32_BIT_CONVERSION = YES;
				GCC_WARN_ABOUT_RETURN_TYPE = YES_ERROR;
				GCC_WARN_UNDECLARED_SELECTOR = YES;
				GCC_WARN_UNINITIALIZED_AUTOS = YES_AGGRESSIVE;
				GCC_WARN_UNUSED_FUNCTION = YES;
				GCC_WARN_UNUSED_VARIABLE = YES;
				IPHONEOS_DEPLOYMENT_TARGET = 15.4;
				MTL_ENABLE_DEBUG_INFO = NO;
				MTL_FAST_MATH = YES;
				SDKROOT = iphoneos;
				SWIFT_COMPILATION_MODE = wholemodule;
				SWIFT_OPTIMIZATION_LEVEL = "-O";
				VALIDATE_PRODUCT = YES;
			};
			name = Release;
		};
		32DA5F2827EBC6580099C5BE /* Debug */ = {
			isa = XCBuildConfiguration;
			baseConfigurationReference = D02024D1F9B0D970B2FAE1DE /* Pods-Instagram.debug.xcconfig */;
			buildSettings = {
				ASSETCATALOG_COMPILER_APPICON_NAME = AppIcon;
				ASSETCATALOG_COMPILER_GLOBAL_ACCENT_COLOR_NAME = AccentColor;
				CODE_SIGN_STYLE = Automatic;
				CURRENT_PROJECT_VERSION = 1;
				GENERATE_INFOPLIST_FILE = YES;
				INFOPLIST_FILE = Instagram/Info.plist;
				INFOPLIST_KEY_UIApplicationSupportsIndirectInputEvents = YES;
				INFOPLIST_KEY_UILaunchStoryboardName = LaunchScreen;
				INFOPLIST_KEY_UIMainStoryboardFile = Main;
				INFOPLIST_KEY_UISupportedInterfaceOrientations_iPad = "UIInterfaceOrientationPortrait UIInterfaceOrientationPortraitUpsideDown UIInterfaceOrientationLandscapeLeft UIInterfaceOrientationLandscapeRight";
				INFOPLIST_KEY_UISupportedInterfaceOrientations_iPhone = "UIInterfaceOrientationPortrait UIInterfaceOrientationLandscapeLeft UIInterfaceOrientationLandscapeRight";
				LD_RUNPATH_SEARCH_PATHS = (
					"$(inherited)",
					"@executable_path/Frameworks",
				);
				MARKETING_VERSION = 1.0;
				PRODUCT_BUNDLE_IDENTIFIER = memo.com.Instagram;
				PRODUCT_NAME = "$(TARGET_NAME)";
				SWIFT_EMIT_LOC_STRINGS = YES;
				SWIFT_VERSION = 5.0;
				TARGETED_DEVICE_FAMILY = "1,2";
			};
			name = Debug;
		};
		32DA5F2927EBC6580099C5BE /* Release */ = {
			isa = XCBuildConfiguration;
			baseConfigurationReference = 0E0A6D8BB2AA334A7117CBA3 /* Pods-Instagram.release.xcconfig */;
			buildSettings = {
				ASSETCATALOG_COMPILER_APPICON_NAME = AppIcon;
				ASSETCATALOG_COMPILER_GLOBAL_ACCENT_COLOR_NAME = AccentColor;
				CODE_SIGN_STYLE = Automatic;
				CURRENT_PROJECT_VERSION = 1;
				GENERATE_INFOPLIST_FILE = YES;
				INFOPLIST_FILE = Instagram/Info.plist;
				INFOPLIST_KEY_UIApplicationSupportsIndirectInputEvents = YES;
				INFOPLIST_KEY_UILaunchStoryboardName = LaunchScreen;
				INFOPLIST_KEY_UIMainStoryboardFile = Main;
				INFOPLIST_KEY_UISupportedInterfaceOrientations_iPad = "UIInterfaceOrientationPortrait UIInterfaceOrientationPortraitUpsideDown UIInterfaceOrientationLandscapeLeft UIInterfaceOrientationLandscapeRight";
				INFOPLIST_KEY_UISupportedInterfaceOrientations_iPhone = "UIInterfaceOrientationPortrait UIInterfaceOrientationLandscapeLeft UIInterfaceOrientationLandscapeRight";
				LD_RUNPATH_SEARCH_PATHS = (
					"$(inherited)",
					"@executable_path/Frameworks",
				);
				MARKETING_VERSION = 1.0;
				PRODUCT_BUNDLE_IDENTIFIER = memo.com.Instagram;
				PRODUCT_NAME = "$(TARGET_NAME)";
				SWIFT_EMIT_LOC_STRINGS = YES;
				SWIFT_VERSION = 5.0;
				TARGETED_DEVICE_FAMILY = "1,2";
			};
			name = Release;
		};
		32DA5F2B27EBC6580099C5BE /* Debug */ = {
			isa = XCBuildConfiguration;
			buildSettings = {
				ALWAYS_EMBED_SWIFT_STANDARD_LIBRARIES = YES;
				BUNDLE_LOADER = "$(TEST_HOST)";
				CODE_SIGN_STYLE = Automatic;
				CURRENT_PROJECT_VERSION = 1;
				GENERATE_INFOPLIST_FILE = YES;
				IPHONEOS_DEPLOYMENT_TARGET = 15.4;
				MARKETING_VERSION = 1.0;
				PRODUCT_BUNDLE_IDENTIFIER = memo.com.InstagramTests;
				PRODUCT_NAME = "$(TARGET_NAME)";
				SWIFT_EMIT_LOC_STRINGS = NO;
				SWIFT_VERSION = 5.0;
				TARGETED_DEVICE_FAMILY = "1,2";
				TEST_HOST = "$(BUILT_PRODUCTS_DIR)/Instagram.app/Instagram";
			};
			name = Debug;
		};
		32DA5F2C27EBC6580099C5BE /* Release */ = {
			isa = XCBuildConfiguration;
			buildSettings = {
				ALWAYS_EMBED_SWIFT_STANDARD_LIBRARIES = YES;
				BUNDLE_LOADER = "$(TEST_HOST)";
				CODE_SIGN_STYLE = Automatic;
				CURRENT_PROJECT_VERSION = 1;
				GENERATE_INFOPLIST_FILE = YES;
				IPHONEOS_DEPLOYMENT_TARGET = 15.4;
				MARKETING_VERSION = 1.0;
				PRODUCT_BUNDLE_IDENTIFIER = memo.com.InstagramTests;
				PRODUCT_NAME = "$(TARGET_NAME)";
				SWIFT_EMIT_LOC_STRINGS = NO;
				SWIFT_VERSION = 5.0;
				TARGETED_DEVICE_FAMILY = "1,2";
				TEST_HOST = "$(BUILT_PRODUCTS_DIR)/Instagram.app/Instagram";
			};
			name = Release;
		};
		32DA5F2E27EBC6580099C5BE /* Debug */ = {
			isa = XCBuildConfiguration;
			buildSettings = {
				ALWAYS_EMBED_SWIFT_STANDARD_LIBRARIES = YES;
				CODE_SIGN_STYLE = Automatic;
				CURRENT_PROJECT_VERSION = 1;
				GENERATE_INFOPLIST_FILE = YES;
				MARKETING_VERSION = 1.0;
				PRODUCT_BUNDLE_IDENTIFIER = memo.com.InstagramUITests;
				PRODUCT_NAME = "$(TARGET_NAME)";
				SWIFT_EMIT_LOC_STRINGS = NO;
				SWIFT_VERSION = 5.0;
				TARGETED_DEVICE_FAMILY = "1,2";
				TEST_TARGET_NAME = Instagram;
			};
			name = Debug;
		};
		32DA5F2F27EBC6580099C5BE /* Release */ = {
			isa = XCBuildConfiguration;
			buildSettings = {
				ALWAYS_EMBED_SWIFT_STANDARD_LIBRARIES = YES;
				CODE_SIGN_STYLE = Automatic;
				CURRENT_PROJECT_VERSION = 1;
				GENERATE_INFOPLIST_FILE = YES;
				MARKETING_VERSION = 1.0;
				PRODUCT_BUNDLE_IDENTIFIER = memo.com.InstagramUITests;
				PRODUCT_NAME = "$(TARGET_NAME)";
				SWIFT_EMIT_LOC_STRINGS = NO;
				SWIFT_VERSION = 5.0;
				TARGETED_DEVICE_FAMILY = "1,2";
				TEST_TARGET_NAME = Instagram;
			};
			name = Release;
		};
/* End XCBuildConfiguration section */

/* Begin XCConfigurationList section */
		32DA5EF827EBC6550099C5BE /* Build configuration list for PBXProject "Instagram" */ = {
			isa = XCConfigurationList;
			buildConfigurations = (
				32DA5F2527EBC6580099C5BE /* Debug */,
				32DA5F2627EBC6580099C5BE /* Release */,
			);
			defaultConfigurationIsVisible = 0;
			defaultConfigurationName = Release;
		};
		32DA5F2727EBC6580099C5BE /* Build configuration list for PBXNativeTarget "Instagram" */ = {
			isa = XCConfigurationList;
			buildConfigurations = (
				32DA5F2827EBC6580099C5BE /* Debug */,
				32DA5F2927EBC6580099C5BE /* Release */,
			);
			defaultConfigurationIsVisible = 0;
			defaultConfigurationName = Release;
		};
		32DA5F2A27EBC6580099C5BE /* Build configuration list for PBXNativeTarget "InstagramTests" */ = {
			isa = XCConfigurationList;
			buildConfigurations = (
				32DA5F2B27EBC6580099C5BE /* Debug */,
				32DA5F2C27EBC6580099C5BE /* Release */,
			);
			defaultConfigurationIsVisible = 0;
			defaultConfigurationName = Release;
		};
		32DA5F2D27EBC6580099C5BE /* Build configuration list for PBXNativeTarget "InstagramUITests" */ = {
			isa = XCConfigurationList;
			buildConfigurations = (
				32DA5F2E27EBC6580099C5BE /* Debug */,
				32DA5F2F27EBC6580099C5BE /* Release */,
			);
			defaultConfigurationIsVisible = 0;
			defaultConfigurationName = Release;
		};
/* End XCConfigurationList section */
	};
	rootObject = 32DA5EF527EBC6550099C5BE /* Project object */;
}
